
Microsoft Visual Studio Solution File, Format Version 12.00
Project("{FAE04EC0-301F-11D3-BF4B-00C04F79EFBC}") = "TicketSolver.Domain", "TicketSolver.Domain\TicketSolver.Domain.csproj", "{ED832AA9-C9E8-4776-876F-9DB32FE5E1F3}"
EndProject
Project("{2150E333-8FDC-42A3-9474-1A3956D46DE8}") = "Tests", "Tests", "{7BE768EC-6A32-448B-83F7-A33A7DFAB238}"
EndProject
Project("{FAE04EC0-301F-11D3-BF4B-00C04F79EFBC}") = "TicketSolver.Api", "TicketSolver.Api\TicketSolver.Api.csproj", "{66621AC9-AEBD-4AF1-AA0F-DF570104C769}"
EndProject
Project("{FAE04EC0-301F-11D3-BF4B-00C04F79EFBC}") = "TicketSolver.Api.Tests", "TicketSolver.Api.Tests\TicketSolver.Api.Tests.csproj", "{4D548103-6E72-4ED7-8D40-CFC374822D18}"
EndProject
Project("{FAE04EC0-301F-11D3-BF4B-00C04F79EFBC}") = "TicketSolver.Domain.Tests", "TicketSolver.Domain.Tests\TicketSolver.Domain.Tests.csproj", "{2BBC3AC1-3423-4EDB-A653-FF573C171E8C}"
EndProject
Project("{FAE04EC0-301F-11D3-BF4B-00C04F79EFBC}") = "TicketSolver.Infra.EntityFramework", "TicketSolver.Infra.EntityFramework\TicketSolver.Infra.EntityFramework.csproj", "{CECC2506-1A18-408D-9753-92E6C687AFB4}"
EndProject
Project("{FAE04EC0-301F-11D3-BF4B-00C04F79EFBC}") = "TicketSolver.Application", "TicketSolver.Application\TicketSolver.Application.csproj", "{1A4A7ECF-91CD-48C0-8A45-1ED104B04C94}"
EndProject
Project("{FAE04EC0-301F-11D3-BF4B-00C04F79EFBC}") = "TicketSolver.Infra.Storage", "TicketSolver.Infra.Storage\TicketSolver.Infra.Storage.csproj", "{30ACCCFA-D42E-4488-ABD9-196DEBD749E7}"
EndProject
Project("{FAE04EC0-301F-11D3-BF4B-00C04F79EFBC}") = "TicketSolver.Infra.GeminiAI", "TicketSolver.Infra.GeminiAI\TicketSolver.Infra.GeminiAI.csproj", "{92985EB1-37CE-41C0-95B5-1031219B6A0E}"
EndProject
Project("{FAE04EC0-301F-11D3-BF4B-00C04F79EFBC}") = "TicketSolver.Application.Tests", "TicketSolver.Application.Tests\TicketSolver.Application.Tests.csproj", "{F3F02593-CA37-4AFA-8747-D93B614C7441}"
EndProject
Project("{FAE04EC0-301F-11D3-BF4B-00C04F79EFBC}") = "TicketSolver.IA.Tests", "TicketSolver.IA.Tests\TicketSolver.IA.Tests.csproj", "{15EDDB31-5744-41FF-8D32-BAFC77262AD1}"
EndProject
Project("{2150E333-8FDC-42A3-9474-1A3956D46DE8}") = "Framework", "Framework", "{BE47455C-2DE4-4E1C-8B18-2DF11316A26D}"
EndProject
Project("{FAE04EC0-301F-11D3-BF4B-00C04F79EFBC}") = "MobileSolver.Application", "MobileSolver.Application\MobileSolver.Application.csproj", "{74742DE7-D44E-4D34-9097-F6383995E7C5}"
EndProject
Project("{2150E333-8FDC-42A3-9474-1A3956D46DE8}") = "Base", "Base", "{2114D48B-E7E2-4D40-8A44-FA0D0A12CA0E}"
EndProject
Project("{2150E333-8FDC-42A3-9474-1A3956D46DE8}") = "MobileSolver", "MobileSolver", "{1541BF3B-1546-4DEF-AF1F-2EA4A74BD749}"
EndProject
Project("{2150E333-8FDC-42A3-9474-1A3956D46DE8}") = "Tests", "Tests", "{55C1CD7D-E981-4893-B48C-E5CEA4EC502D}"
EndProject
Project("{FAE04EC0-301F-11D3-BF4B-00C04F79EFBC}") = "MobileSolver.Api", "MobileSolver.Api\MobileSolver.Api.csproj", "{8CB2063D-0884-4856-ACE1-A539C1BBAFB5}"
EndProject
Project("{FAE04EC0-301F-11D3-BF4B-00C04F79EFBC}") = "MobileSolver.Domain", "MobileSolver.Domain\MobileSolver.Domain.csproj", "{19EB638C-CB78-4346-BCC1-B242D0B2483B}"
EndProject
Project("{FAE04EC0-301F-11D3-BF4B-00C04F79EFBC}") = "MobileSolver.Infra.EntityFramework", "MobileSolver.Infra.EntityFramework\MobileSolver.Infra.EntityFramework.csproj", "{F1DC42D7-53D4-492D-A678-602F5726F992}"
EndProject
Project("{2150E333-8FDC-42A3-9474-1A3956D46DE8}") = "RemoteSolver", "RemoteSolver", "{D6B59A00-83B8-4766-83BF-AC419818041A}"
EndProject
Project("{FAE04EC0-301F-11D3-BF4B-00C04F79EFBC}") = "RemoteSolver.Domain", "RemoteSolver.Domain\RemoteSolver.Domain.csproj", "{8631DE4E-854B-467D-B40D-5B5BC0D7A1D3}"
EndProject
Project("{FAE04EC0-301F-11D3-BF4B-00C04F79EFBC}") = "RemoteSolver.Infra.EntityFramework", "RemoteSolver.Infra.EntityFramework\RemoteSolver.Infra.EntityFramework.csproj", "{B89E285A-34EB-4366-A34F-012D9F5A03E1}"
EndProject
Project("{FAE04EC0-301F-11D3-BF4B-00C04F79EFBC}") = "RemoteSolver.Application", "RemoteSolver.Application\RemoteSolver.Application.csproj", "{A084CD35-08C2-4EF4-A93F-41AA63B31C11}"
EndProject
Project("{FAE04EC0-301F-11D3-BF4B-00C04F79EFBC}") = "RemoteSolver.Api", "RemoteSolver.Api\RemoteSolver.Api.csproj", "{D1BBF623-5EE8-4C54-B4BC-563FFA245AA8}"
EndProject
Project("{FAE04EC0-301F-11D3-BF4B-00C04F79EFBC}") = "TicketSolver.Infra.Notifications", "TicketSolver.Infra.Notifications\TicketSolver.Infra.Notifications.csproj", "{2B7A9644-48BD-42F0-832A-1849ADDD6878}"
EndProject
Global
	GlobalSection(SolutionConfigurationPlatforms) = preSolution
		Debug|Any CPU = Debug|Any CPU
		Release|Any CPU = Release|Any CPU
	EndGlobalSection
	GlobalSection(ProjectConfigurationPlatforms) = postSolution
		{ED832AA9-C9E8-4776-876F-9DB32FE5E1F3}.Debug|Any CPU.ActiveCfg = Debug|Any CPU
		{ED832AA9-C9E8-4776-876F-9DB32FE5E1F3}.Debug|Any CPU.Build.0 = Debug|Any CPU
		{ED832AA9-C9E8-4776-876F-9DB32FE5E1F3}.Release|Any CPU.ActiveCfg = Release|Any CPU
		{ED832AA9-C9E8-4776-876F-9DB32FE5E1F3}.Release|Any CPU.Build.0 = Release|Any CPU
		{66621AC9-AEBD-4AF1-AA0F-DF570104C769}.Debug|Any CPU.ActiveCfg = Debug|Any CPU
		{66621AC9-AEBD-4AF1-AA0F-DF570104C769}.Debug|Any CPU.Build.0 = Debug|Any CPU
		{66621AC9-AEBD-4AF1-AA0F-DF570104C769}.Release|Any CPU.ActiveCfg = Release|Any CPU
		{66621AC9-AEBD-4AF1-AA0F-DF570104C769}.Release|Any CPU.Build.0 = Release|Any CPU
		{4D548103-6E72-4ED7-8D40-CFC374822D18}.Debug|Any CPU.ActiveCfg = Debug|Any CPU
		{4D548103-6E72-4ED7-8D40-CFC374822D18}.Debug|Any CPU.Build.0 = Debug|Any CPU
		{4D548103-6E72-4ED7-8D40-CFC374822D18}.Release|Any CPU.ActiveCfg = Release|Any CPU
		{4D548103-6E72-4ED7-8D40-CFC374822D18}.Release|Any CPU.Build.0 = Release|Any CPU
		{2BBC3AC1-3423-4EDB-A653-FF573C171E8C}.Debug|Any CPU.ActiveCfg = Debug|Any CPU
		{2BBC3AC1-3423-4EDB-A653-FF573C171E8C}.Debug|Any CPU.Build.0 = Debug|Any CPU
		{2BBC3AC1-3423-4EDB-A653-FF573C171E8C}.Release|Any CPU.ActiveCfg = Release|Any CPU
		{2BBC3AC1-3423-4EDB-A653-FF573C171E8C}.Release|Any CPU.Build.0 = Release|Any CPU
		{CECC2506-1A18-408D-9753-92E6C687AFB4}.Debug|Any CPU.ActiveCfg = Debug|Any CPU
		{CECC2506-1A18-408D-9753-92E6C687AFB4}.Debug|Any CPU.Build.0 = Debug|Any CPU
		{CECC2506-1A18-408D-9753-92E6C687AFB4}.Release|Any CPU.ActiveCfg = Release|Any CPU
		{CECC2506-1A18-408D-9753-92E6C687AFB4}.Release|Any CPU.Build.0 = Release|Any CPU
		{1A4A7ECF-91CD-48C0-8A45-1ED104B04C94}.Debug|Any CPU.ActiveCfg = Debug|Any CPU
		{1A4A7ECF-91CD-48C0-8A45-1ED104B04C94}.Debug|Any CPU.Build.0 = Debug|Any CPU
		{1A4A7ECF-91CD-48C0-8A45-1ED104B04C94}.Release|Any CPU.ActiveCfg = Release|Any CPU
		{1A4A7ECF-91CD-48C0-8A45-1ED104B04C94}.Release|Any CPU.Build.0 = Release|Any CPU
		{30ACCCFA-D42E-4488-ABD9-196DEBD749E7}.Debug|Any CPU.ActiveCfg = Debug|Any CPU
		{30ACCCFA-D42E-4488-ABD9-196DEBD749E7}.Debug|Any CPU.Build.0 = Debug|Any CPU
		{30ACCCFA-D42E-4488-ABD9-196DEBD749E7}.Release|Any CPU.ActiveCfg = Release|Any CPU
		{30ACCCFA-D42E-4488-ABD9-196DEBD749E7}.Release|Any CPU.Build.0 = Release|Any CPU
		{92985EB1-37CE-41C0-95B5-1031219B6A0E}.Debug|Any CPU.ActiveCfg = Debug|Any CPU
		{92985EB1-37CE-41C0-95B5-1031219B6A0E}.Debug|Any CPU.Build.0 = Debug|Any CPU
		{92985EB1-37CE-41C0-95B5-1031219B6A0E}.Release|Any CPU.ActiveCfg = Release|Any CPU
		{92985EB1-37CE-41C0-95B5-1031219B6A0E}.Release|Any CPU.Build.0 = Release|Any CPU
		{F3F02593-CA37-4AFA-8747-D93B614C7441}.Debug|Any CPU.ActiveCfg = Debug|Any CPU
		{F3F02593-CA37-4AFA-8747-D93B614C7441}.Debug|Any CPU.Build.0 = Debug|Any CPU
		{F3F02593-CA37-4AFA-8747-D93B614C7441}.Release|Any CPU.ActiveCfg = Release|Any CPU
		{F3F02593-CA37-4AFA-8747-D93B614C7441}.Release|Any CPU.Build.0 = Release|Any CPU
		{15EDDB31-5744-41FF-8D32-BAFC77262AD1}.Debug|Any CPU.ActiveCfg = Debug|Any CPU
		{15EDDB31-5744-41FF-8D32-BAFC77262AD1}.Debug|Any CPU.Build.0 = Debug|Any CPU
		{15EDDB31-5744-41FF-8D32-BAFC77262AD1}.Release|Any CPU.ActiveCfg = Release|Any CPU
		{15EDDB31-5744-41FF-8D32-BAFC77262AD1}.Release|Any CPU.Build.0 = Release|Any CPU
		{74742DE7-D44E-4D34-9097-F6383995E7C5}.Debug|Any CPU.ActiveCfg = Debug|Any CPU
		{74742DE7-D44E-4D34-9097-F6383995E7C5}.Debug|Any CPU.Build.0 = Debug|Any CPU
		{74742DE7-D44E-4D34-9097-F6383995E7C5}.Release|Any CPU.ActiveCfg = Release|Any CPU
		{74742DE7-D44E-4D34-9097-F6383995E7C5}.Release|Any CPU.Build.0 = Release|Any CPU
		{8CB2063D-0884-4856-ACE1-A539C1BBAFB5}.Debug|Any CPU.ActiveCfg = Debug|Any CPU
		{8CB2063D-0884-4856-ACE1-A539C1BBAFB5}.Debug|Any CPU.Build.0 = Debug|Any CPU
		{8CB2063D-0884-4856-ACE1-A539C1BBAFB5}.Release|Any CPU.ActiveCfg = Release|Any CPU
		{8CB2063D-0884-4856-ACE1-A539C1BBAFB5}.Release|Any CPU.Build.0 = Release|Any CPU
		{19EB638C-CB78-4346-BCC1-B242D0B2483B}.Debug|Any CPU.ActiveCfg = Debug|Any CPU
		{19EB638C-CB78-4346-BCC1-B242D0B2483B}.Debug|Any CPU.Build.0 = Debug|Any CPU
		{19EB638C-CB78-4346-BCC1-B242D0B2483B}.Release|Any CPU.ActiveCfg = Release|Any CPU
		{19EB638C-CB78-4346-BCC1-B242D0B2483B}.Release|Any CPU.Build.0 = Release|Any CPU
		{F1DC42D7-53D4-492D-A678-602F5726F992}.Debug|Any CPU.ActiveCfg = Debug|Any CPU
		{F1DC42D7-53D4-492D-A678-602F5726F992}.Debug|Any CPU.Build.0 = Debug|Any CPU
		{F1DC42D7-53D4-492D-A678-602F5726F992}.Release|Any CPU.ActiveCfg = Release|Any CPU
		{F1DC42D7-53D4-492D-A678-602F5726F992}.Release|Any CPU.Build.0 = Release|Any CPU
		{8631DE4E-854B-467D-B40D-5B5BC0D7A1D3}.Debug|Any CPU.ActiveCfg = Debug|Any CPU
		{8631DE4E-854B-467D-B40D-5B5BC0D7A1D3}.Debug|Any CPU.Build.0 = Debug|Any CPU
		{8631DE4E-854B-467D-B40D-5B5BC0D7A1D3}.Release|Any CPU.ActiveCfg = Release|Any CPU
		{8631DE4E-854B-467D-B40D-5B5BC0D7A1D3}.Release|Any CPU.Build.0 = Release|Any CPU
		{B89E285A-34EB-4366-A34F-012D9F5A03E1}.Debug|Any CPU.ActiveCfg = Debug|Any CPU
		{B89E285A-34EB-4366-A34F-012D9F5A03E1}.Debug|Any CPU.Build.0 = Debug|Any CPU
		{B89E285A-34EB-4366-A34F-012D9F5A03E1}.Release|Any CPU.ActiveCfg = Release|Any CPU
		{B89E285A-34EB-4366-A34F-012D9F5A03E1}.Release|Any CPU.Build.0 = Release|Any CPU
		{A084CD35-08C2-4EF4-A93F-41AA63B31C11}.Debug|Any CPU.ActiveCfg = Debug|Any CPU
		{A084CD35-08C2-4EF4-A93F-41AA63B31C11}.Debug|Any CPU.Build.0 = Debug|Any CPU
		{A084CD35-08C2-4EF4-A93F-41AA63B31C11}.Release|Any CPU.ActiveCfg = Release|Any CPU
		{A084CD35-08C2-4EF4-A93F-41AA63B31C11}.Release|Any CPU.Build.0 = Release|Any CPU
		{D1BBF623-5EE8-4C54-B4BC-563FFA245AA8}.Debug|Any CPU.ActiveCfg = Debug|Any CPU
		{D1BBF623-5EE8-4C54-B4BC-563FFA245AA8}.Debug|Any CPU.Build.0 = Debug|Any CPU
		{D1BBF623-5EE8-4C54-B4BC-563FFA245AA8}.Release|Any CPU.ActiveCfg = Release|Any CPU
		{D1BBF623-5EE8-4C54-B4BC-563FFA245AA8}.Release|Any CPU.Build.0 = Release|Any CPU
		{2B7A9644-48BD-42F0-832A-1849ADDD6878}.Debug|Any CPU.ActiveCfg = Debug|Any CPU
		{2B7A9644-48BD-42F0-832A-1849ADDD6878}.Debug|Any CPU.Build.0 = Debug|Any CPU
		{2B7A9644-48BD-42F0-832A-1849ADDD6878}.Release|Any CPU.ActiveCfg = Release|Any CPU
		{2B7A9644-48BD-42F0-832A-1849ADDD6878}.Release|Any CPU.Build.0 = Release|Any CPU
	EndGlobalSection
	GlobalSection(NestedProjects) = preSolution
		{2BBC3AC1-3423-4EDB-A653-FF573C171E8C} = {7BE768EC-6A32-448B-83F7-A33A7DFAB238}
		{F3F02593-CA37-4AFA-8747-D93B614C7441} = {7BE768EC-6A32-448B-83F7-A33A7DFAB238}
		{15EDDB31-5744-41FF-8D32-BAFC77262AD1} = {7BE768EC-6A32-448B-83F7-A33A7DFAB238}
		{ED832AA9-C9E8-4776-876F-9DB32FE5E1F3} = {BE47455C-2DE4-4E1C-8B18-2DF11316A26D}
		{1A4A7ECF-91CD-48C0-8A45-1ED104B04C94} = {BE47455C-2DE4-4E1C-8B18-2DF11316A26D}
		{CECC2506-1A18-408D-9753-92E6C687AFB4} = {BE47455C-2DE4-4E1C-8B18-2DF11316A26D}
		{92985EB1-37CE-41C0-95B5-1031219B6A0E} = {BE47455C-2DE4-4E1C-8B18-2DF11316A26D}
		{30ACCCFA-D42E-4488-ABD9-196DEBD749E7} = {BE47455C-2DE4-4E1C-8B18-2DF11316A26D}
		{66621AC9-AEBD-4AF1-AA0F-DF570104C769} = {2114D48B-E7E2-4D40-8A44-FA0D0A12CA0E}
		{74742DE7-D44E-4D34-9097-F6383995E7C5} = {1541BF3B-1546-4DEF-AF1F-2EA4A74BD749}
		{55C1CD7D-E981-4893-B48C-E5CEA4EC502D} = {2114D48B-E7E2-4D40-8A44-FA0D0A12CA0E}
		{4D548103-6E72-4ED7-8D40-CFC374822D18} = {55C1CD7D-E981-4893-B48C-E5CEA4EC502D}
		{7BE768EC-6A32-448B-83F7-A33A7DFAB238} = {BE47455C-2DE4-4E1C-8B18-2DF11316A26D}
		{8CB2063D-0884-4856-ACE1-A539C1BBAFB5} = {1541BF3B-1546-4DEF-AF1F-2EA4A74BD749}
		{19EB638C-CB78-4346-BCC1-B242D0B2483B} = {1541BF3B-1546-4DEF-AF1F-2EA4A74BD749}
		{F1DC42D7-53D4-492D-A678-602F5726F992} = {1541BF3B-1546-4DEF-AF1F-2EA4A74BD749}
		{8631DE4E-854B-467D-B40D-5B5BC0D7A1D3} = {D6B59A00-83B8-4766-83BF-AC419818041A}
		{B89E285A-34EB-4366-A34F-012D9F5A03E1} = {D6B59A00-83B8-4766-83BF-AC419818041A}
		{A084CD35-08C2-4EF4-A93F-41AA63B31C11} = {D6B59A00-83B8-4766-83BF-AC419818041A}
		{D1BBF623-5EE8-4C54-B4BC-563FFA245AA8} = {D6B59A00-83B8-4766-83BF-AC419818041A}
		{2B7A9644-48BD-42F0-832A-1849ADDD6878} = {BE47455C-2DE4-4E1C-8B18-2DF11316A26D}
	EndGlobalSection
EndGlobal
