
Microsoft Visual Studio Solution File, Format Version 12.00
Project("{FAE04EC0-301F-11D3-BF4B-00C04F79EFBC}") = "TicketSolver.Domain", "TicketSolver.Domain\TicketSolver.Domain.csproj", "{ED832AA9-C9E8-4776-876F-9DB32FE5E1F3}"
EndProject
Project("{2150E333-8FDC-42A3-9474-1A3956D46DE8}") = "Tests", "Tests", "{7BE768EC-6A32-448B-83F7-A33A7DFAB238}"
EndProject
Project("{FAE04EC0-301F-11D3-BF4B-00C04F79EFBC}") = "TicketSolver.Api", "TicketSolver.Api\TicketSolver.Api.csproj", "{66621AC9-AEBD-4AF1-AA0F-DF570104C769}"
EndProject
Project("{FAE04EC0-301F-11D3-BF4B-00C04F79EFBC}") = "TicketSolver.Api.Tests", "TicketSolver.Api.Tests\TicketSolver.Api.Tests.csproj", "{4D548103-6E72-4ED7-8D40-CFC374822D18}"
EndProject
Project("{FAE04EC0-301F-11D3-BF4B-00C04F79EFBC}") = "TicketSolver.Domain.Tests", "TicketSolver.Domain.Tests\TicketSolver.Domain.Tests.csproj", "{2BBC3AC1-3423-4EDB-A653-FF573C171E8C}"
EndProject
Project("{FAE04EC0-301F-11D3-BF4B-00C04F79EFBC}") = "TicketSolver.Infra.EntityFramework", "TicketSolver.Infra.EntityFramework\TicketSolver.Infra.EntityFramework.csproj", "{CECC2506-1A18-408D-9753-92E6C687AFB4}"
EndProject
Project("{FAE04EC0-301F-11D3-BF4B-00C04F79EFBC}") = "TicketSolver.Application", "TicketSolver.Application\TicketSolver.Application.csproj", "{1A4A7ECF-91CD-48C0-8A45-1ED104B04C94}"
EndProject
Global
	GlobalSection(SolutionConfigurationPlatforms) = preSolution
		Debug|Any CPU = Debug|Any CPU
		Release|Any CPU = Release|Any CPU
	EndGlobalSection
	GlobalSection(ProjectConfigurationPlatforms) = postSolution
		{ED832AA9-C9E8-4776-876F-9DB32FE5E1F3}.Debug|Any CPU.ActiveCfg = Debug|Any CPU
		{ED832AA9-C9E8-4776-876F-9DB32FE5E1F3}.Debug|Any CPU.Build.0 = Debug|Any CPU
		{ED832AA9-C9E8-4776-876F-9DB32FE5E1F3}.Release|Any CPU.ActiveCfg = Release|Any CPU
		{ED832AA9-C9E8-4776-876F-9DB32FE5E1F3}.Release|Any CPU.Build.0 = Release|Any CPU
		{66621AC9-AEBD-4AF1-AA0F-DF570104C769}.Debug|Any CPU.ActiveCfg = Debug|Any CPU
		{66621AC9-AEBD-4AF1-AA0F-DF570104C769}.Debug|Any CPU.Build.0 = Debug|Any CPU
		{66621AC9-AEBD-4AF1-AA0F-DF570104C769}.Release|Any CPU.ActiveCfg = Release|Any CPU
		{66621AC9-AEBD-4AF1-AA0F-DF570104C769}.Release|Any CPU.Build.0 = Release|Any CPU
		{4D548103-6E72-4ED7-8D40-CFC374822D18}.Debug|Any CPU.ActiveCfg = Debug|Any CPU
		{4D548103-6E72-4ED7-8D40-CFC374822D18}.Debug|Any CPU.Build.0 = Debug|Any CPU
		{4D548103-6E72-4ED7-8D40-CFC374822D18}.Release|Any CPU.ActiveCfg = Release|Any CPU
		{4D548103-6E72-4ED7-8D40-CFC374822D18}.Release|Any CPU.Build.0 = Release|Any CPU
		{2BBC3AC1-3423-4EDB-A653-FF573C171E8C}.Debug|Any CPU.ActiveCfg = Debug|Any CPU
		{2BBC3AC1-3423-4EDB-A653-FF573C171E8C}.Debug|Any CPU.Build.0 = Debug|Any CPU
		{2BBC3AC1-3423-4EDB-A653-FF573C171E8C}.Release|Any CPU.ActiveCfg = Release|Any CPU
		{2BBC3AC1-3423-4EDB-A653-FF573C171E8C}.Release|Any CPU.Build.0 = Release|Any CPU
		{CECC2506-1A18-408D-9753-92E6C687AFB4}.Debug|Any CPU.ActiveCfg = Debug|Any CPU
		{CECC2506-1A18-408D-9753-92E6C687AFB4}.Debug|Any CPU.Build.0 = Debug|Any CPU
		{CECC2506-1A18-408D-9753-92E6C687AFB4}.Release|Any CPU.ActiveCfg = Release|Any CPU
		{CECC2506-1A18-408D-9753-92E6C687AFB4}.Release|Any CPU.Build.0 = Release|Any CPU
		{1A4A7ECF-91CD-48C0-8A45-1ED104B04C94}.Debug|Any CPU.ActiveCfg = Debug|Any CPU
		{1A4A7ECF-91CD-48C0-8A45-1ED104B04C94}.Debug|Any CPU.Build.0 = Debug|Any CPU
		{1A4A7ECF-91CD-48C0-8A45-1ED104B04C94}.Release|Any CPU.ActiveCfg = Release|Any CPU
		{1A4A7ECF-91CD-48C0-8A45-1ED104B04C94}.Release|Any CPU.Build.0 = Release|Any CPU
	EndGlobalSection
	GlobalSection(NestedProjects) = preSolution
		{4D548103-6E72-4ED7-8D40-CFC374822D18} = {7BE768EC-6A32-448B-83F7-A33A7DFAB238}
		{2BBC3AC1-3423-4EDB-A653-FF573C171E8C} = {7BE768EC-6A32-448B-83F7-A33A7DFAB238}
	EndGlobalSection
EndGlobal
